// !$*UTF8*$!
{
	archiveVersion = 1;
	classes = {
	};
	objectVersion = 50;
	objects = {

/* Begin PBXBuildFile section */
		CF289E00214AA31500E3ED41 /* JDHomeVC.m in Sources */ = {isa = PBXBuildFile; fileRef = CF289DFF214AA31500E3ED41 /* JDHomeVC.m */; };
		CF289E03214AA35700E3ED41 /* JDSearchMainVC.m in Sources */ = {isa = PBXBuildFile; fileRef = CF289E02214AA35700E3ED41 /* JDSearchMainVC.m */; };
		CF289E06214AA37D00E3ED41 /* JDNavigationView.m in Sources */ = {isa = PBXBuildFile; fileRef = CF289E05214AA37D00E3ED41 /* JDNavigationView.m */; };
		CF289E09214AA7A200E3ED41 /* JDButton.m in Sources */ = {isa = PBXBuildFile; fileRef = CF289E08214AA7A200E3ED41 /* JDButton.m */; };
		CF289E0D214AA8BD00E3ED41 /* UIView+Size.m in Sources */ = {isa = PBXBuildFile; fileRef = CF289E0C214AA8BD00E3ED41 /* UIView+Size.m */; };
		CF289E10214AABC500E3ED41 /* JDSearchVC.m in Sources */ = {isa = PBXBuildFile; fileRef = CF289E0F214AABC500E3ED41 /* JDSearchVC.m */; };
		CF289E13214AAC1200E3ED41 /* JDSearchHistory.m in Sources */ = {isa = PBXBuildFile; fileRef = CF289E12214AAC1200E3ED41 /* JDSearchHistory.m */; };
		CF289E16214AAC9F00E3ED41 /* JDSearchBar.m in Sources */ = {isa = PBXBuildFile; fileRef = CF289E15214AAC9F00E3ED41 /* JDSearchBar.m */; };
		CF289E1A214E0D9500E3ED41 /* MTAddressMainVC.m in Sources */ = {isa = PBXBuildFile; fileRef = CF289E19214E0D9500E3ED41 /* MTAddressMainVC.m */; };
		CF289E1D214E0DC200E3ED41 /* SegmentedControl.m in Sources */ = {isa = PBXBuildFile; fileRef = CF289E1C214E0DC200E3ED41 /* SegmentedControl.m */; };
		CF289E20214E0DE200E3ED41 /* AddressTableView.m in Sources */ = {isa = PBXBuildFile; fileRef = CF289E1F214E0DE200E3ED41 /* AddressTableView.m */; };
		CF289E23214E0E2B00E3ED41 /* MTAddressModal.m in Sources */ = {isa = PBXBuildFile; fileRef = CF289E22214E0E2B00E3ED41 /* MTAddressModal.m */; };
		CF2ED98E21467565000408B1 /* SInfiniteView.m in Sources */ = {isa = PBXBuildFile; fileRef = CF2ED98D21467565000408B1 /* SInfiniteView.m */; };
		CF2ED9AA21467623000408B1 /* NSLayoutConstraint+MASDebugAdditions.m in Sources */ = {isa = PBXBuildFile; fileRef = CF2ED99221467623000408B1 /* NSLayoutConstraint+MASDebugAdditions.m */; };
		CF2ED9AB21467623000408B1 /* ViewController+MASAdditions.m in Sources */ = {isa = PBXBuildFile; fileRef = CF2ED99B21467623000408B1 /* ViewController+MASAdditions.m */; };
		CF2ED9AC21467623000408B1 /* MASCompositeConstraint.m in Sources */ = {isa = PBXBuildFile; fileRef = CF2ED99F21467623000408B1 /* MASCompositeConstraint.m */; };
		CF2ED9AD21467623000408B1 /* MASConstraintMaker.m in Sources */ = {isa = PBXBuildFile; fileRef = CF2ED9A021467623000408B1 /* MASConstraintMaker.m */; };
		CF2ED9AE21467623000408B1 /* MASLayoutConstraint.m in Sources */ = {isa = PBXBuildFile; fileRef = CF2ED9A121467623000408B1 /* MASLayoutConstraint.m */; };
		CF2ED9AF21467623000408B1 /* NSArray+MASAdditions.m in Sources */ = {isa = PBXBuildFile; fileRef = CF2ED9A221467623000408B1 /* NSArray+MASAdditions.m */; };
		CF2ED9B021467623000408B1 /* View+MASAdditions.m in Sources */ = {isa = PBXBuildFile; fileRef = CF2ED9A321467623000408B1 /* View+MASAdditions.m */; };
		CF2ED9B121467623000408B1 /* MASConstraint.m in Sources */ = {isa = PBXBuildFile; fileRef = CF2ED9A621467623000408B1 /* MASConstraint.m */; };
		CF2ED9B221467623000408B1 /* MASViewConstraint.m in Sources */ = {isa = PBXBuildFile; fileRef = CF2ED9A821467623000408B1 /* MASViewConstraint.m */; };
		CF2ED9B321467623000408B1 /* MASViewAttribute.m in Sources */ = {isa = PBXBuildFile; fileRef = CF2ED9A921467623000408B1 /* MASViewAttribute.m */; };
		CF2ED9B721467689000408B1 /* GSProxy.m in Sources */ = {isa = PBXBuildFile; fileRef = CF2ED9B621467689000408B1 /* GSProxy.m */; };
		CFC0A8D321390A6F003ED426 /* AppDelegate.m in Sources */ = {isa = PBXBuildFile; fileRef = CFC0A8D221390A6F003ED426 /* AppDelegate.m */; };
		CFC0A8D621390A6F003ED426 /* ViewController.m in Sources */ = {isa = PBXBuildFile; fileRef = CFC0A8D521390A6F003ED426 /* ViewController.m */; };
		CFC0A8D921390A6F003ED426 /* Main.storyboard in Resources */ = {isa = PBXBuildFile; fileRef = CFC0A8D721390A6F003ED426 /* Main.storyboard */; };
		CFC0A8DB21390A7E003ED426 /* Assets.xcassets in Resources */ = {isa = PBXBuildFile; fileRef = CFC0A8DA21390A7E003ED426 /* Assets.xcassets */; };
		CFC0A8DE21390A7E003ED426 /* LaunchScreen.storyboard in Resources */ = {isa = PBXBuildFile; fileRef = CFC0A8DC21390A7E003ED426 /* LaunchScreen.storyboard */; };
		CFC0A8E121390A7E003ED426 /* main.m in Sources */ = {isa = PBXBuildFile; fileRef = CFC0A8E021390A7E003ED426 /* main.m */; };
		CFC0A8EB21390A7F003ED426 /* SUSearchControllerTests.m in Sources */ = {isa = PBXBuildFile; fileRef = CFC0A8EA21390A7F003ED426 /* SUSearchControllerTests.m */; };
		CFC0A8F621390A7F003ED426 /* SUSearchControllerUITests.m in Sources */ = {isa = PBXBuildFile; fileRef = CFC0A8F521390A7F003ED426 /* SUSearchControllerUITests.m */; };
		CFC0A90521391045003ED426 /* SNavigationController.m in Sources */ = {isa = PBXBuildFile; fileRef = CFC0A90421391045003ED426 /* SNavigationController.m */; };
		CFC0A908213914E9003ED426 /* STabBarController.m in Sources */ = {isa = PBXBuildFile; fileRef = CFC0A907213914E9003ED426 /* STabBarController.m */; };
		CFC0A90D21392D3B003ED426 /* SNormalSearchViewController.m in Sources */ = {isa = PBXBuildFile; fileRef = CFC0A90C21392D3B003ED426 /* SNormalSearchViewController.m */; };
		CFC0A91021392E39003ED426 /* SSearchResultVC.m in Sources */ = {isa = PBXBuildFile; fileRef = CFC0A90F21392E39003ED426 /* SSearchResultVC.m */; };
		CFC0A914213937A8003ED426 /* SCountryModal.m in Sources */ = {isa = PBXBuildFile; fileRef = CFC0A913213937A8003ED426 /* SCountryModal.m */; };
		CFC0A91A213944F9003ED426 /* 1.plist in Resources */ = {isa = PBXBuildFile; fileRef = CFC0A915213944F5003ED426 /* 1.plist */; };
		CFC0A91B213944F9003ED426 /* city.plist in Resources */ = {isa = PBXBuildFile; fileRef = CFC0A916213944F6003ED426 /* city.plist */; };
		CFC0A91C213944F9003ED426 /* country.txt in Resources */ = {isa = PBXBuildFile; fileRef = CFC0A917213944F7003ED426 /* country.txt */; };
		CFC0A91D213944F9003ED426 /* cars_total.plist in Resources */ = {isa = PBXBuildFile; fileRef = CFC0A918213944F8003ED426 /* cars_total.plist */; };
		CFC0A91E213944F9003ED426 /* citydata.plist in Resources */ = {isa = PBXBuildFile; fileRef = CFC0A919213944F8003ED426 /* citydata.plist */; };
/* End PBXBuildFile section */

/* Begin PBXContainerItemProxy section */
		CFC0A8E721390A7F003ED426 /* PBXContainerItemProxy */ = {
			isa = PBXContainerItemProxy;
			containerPortal = CFC0A8C621390A6F003ED426 /* Project object */;
			proxyType = 1;
			remoteGlobalIDString = CFC0A8CD21390A6F003ED426;
			remoteInfo = SUSearchController;
		};
		CFC0A8F221390A7F003ED426 /* PBXContainerItemProxy */ = {
			isa = PBXContainerItemProxy;
			containerPortal = CFC0A8C621390A6F003ED426 /* Project object */;
			proxyType = 1;
			remoteGlobalIDString = CFC0A8CD21390A6F003ED426;
			remoteInfo = SUSearchController;
		};
/* End PBXContainerItemProxy section */

/* Begin PBXFileReference section */
		CF289DFE214AA31500E3ED41 /* JDHomeVC.h */ = {isa = PBXFileReference; lastKnownFileType = sourcecode.c.h; path = JDHomeVC.h; sourceTree = "<group>"; };
		CF289DFF214AA31500E3ED41 /* JDHomeVC.m */ = {isa = PBXFileReference; lastKnownFileType = sourcecode.c.objc; path = JDHomeVC.m; sourceTree = "<group>"; };
		CF289E01214AA35700E3ED41 /* JDSearchMainVC.h */ = {isa = PBXFileReference; lastKnownFileType = sourcecode.c.h; path = JDSearchMainVC.h; sourceTree = "<group>"; };
		CF289E02214AA35700E3ED41 /* JDSearchMainVC.m */ = {isa = PBXFileReference; lastKnownFileType = sourcecode.c.objc; path = JDSearchMainVC.m; sourceTree = "<group>"; };
		CF289E04214AA37D00E3ED41 /* JDNavigationView.h */ = {isa = PBXFileReference; lastKnownFileType = sourcecode.c.h; path = JDNavigationView.h; sourceTree = "<group>"; };
		CF289E05214AA37D00E3ED41 /* JDNavigationView.m */ = {isa = PBXFileReference; lastKnownFileType = sourcecode.c.objc; path = JDNavigationView.m; sourceTree = "<group>"; };
		CF289E07214AA7A200E3ED41 /* JDButton.h */ = {isa = PBXFileReference; lastKnownFileType = sourcecode.c.h; path = JDButton.h; sourceTree = "<group>"; };
		CF289E08214AA7A200E3ED41 /* JDButton.m */ = {isa = PBXFileReference; lastKnownFileType = sourcecode.c.objc; path = JDButton.m; sourceTree = "<group>"; };
		CF289E0B214AA8BD00E3ED41 /* UIView+Size.h */ = {isa = PBXFileReference; fileEncoding = 4; lastKnownFileType = sourcecode.c.h; path = "UIView+Size.h"; sourceTree = "<group>"; };
		CF289E0C214AA8BD00E3ED41 /* UIView+Size.m */ = {isa = PBXFileReference; fileEncoding = 4; lastKnownFileType = sourcecode.c.objc; path = "UIView+Size.m"; sourceTree = "<group>"; };
		CF289E0E214AABC500E3ED41 /* JDSearchVC.h */ = {isa = PBXFileReference; lastKnownFileType = sourcecode.c.h; path = JDSearchVC.h; sourceTree = "<group>"; };
		CF289E0F214AABC500E3ED41 /* JDSearchVC.m */ = {isa = PBXFileReference; lastKnownFileType = sourcecode.c.objc; path = JDSearchVC.m; sourceTree = "<group>"; };
		CF289E11214AAC1200E3ED41 /* JDSearchHistory.h */ = {isa = PBXFileReference; lastKnownFileType = sourcecode.c.h; path = JDSearchHistory.h; sourceTree = "<group>"; };
		CF289E12214AAC1200E3ED41 /* JDSearchHistory.m */ = {isa = PBXFileReference; lastKnownFileType = sourcecode.c.objc; path = JDSearchHistory.m; sourceTree = "<group>"; };
		CF289E14214AAC9F00E3ED41 /* JDSearchBar.h */ = {isa = PBXFileReference; lastKnownFileType = sourcecode.c.h; path = JDSearchBar.h; sourceTree = "<group>"; };
		CF289E15214AAC9F00E3ED41 /* JDSearchBar.m */ = {isa = PBXFileReference; lastKnownFileType = sourcecode.c.objc; path = JDSearchBar.m; sourceTree = "<group>"; };
		CF289E18214E0D9500E3ED41 /* MTAddressMainVC.h */ = {isa = PBXFileReference; lastKnownFileType = sourcecode.c.h; path = MTAddressMainVC.h; sourceTree = "<group>"; };
		CF289E19214E0D9500E3ED41 /* MTAddressMainVC.m */ = {isa = PBXFileReference; lastKnownFileType = sourcecode.c.objc; path = MTAddressMainVC.m; sourceTree = "<group>"; };
		CF289E1B214E0DC200E3ED41 /* SegmentedControl.h */ = {isa = PBXFileReference; lastKnownFileType = sourcecode.c.h; path = SegmentedControl.h; sourceTree = "<group>"; };
		CF289E1C214E0DC200E3ED41 /* SegmentedControl.m */ = {isa = PBXFileReference; lastKnownFileType = sourcecode.c.objc; path = SegmentedControl.m; sourceTree = "<group>"; };
		CF289E1E214E0DE200E3ED41 /* AddressTableView.h */ = {isa = PBXFileReference; lastKnownFileType = sourcecode.c.h; path = AddressTableView.h; sourceTree = "<group>"; };
		CF289E1F214E0DE200E3ED41 /* AddressTableView.m */ = {isa = PBXFileReference; lastKnownFileType = sourcecode.c.objc; path = AddressTableView.m; sourceTree = "<group>"; };
		CF289E21214E0E2B00E3ED41 /* MTAddressModal.h */ = {isa = PBXFileReference; lastKnownFileType = sourcecode.c.h; path = MTAddressModal.h; sourceTree = "<group>"; };
		CF289E22214E0E2B00E3ED41 /* MTAddressModal.m */ = {isa = PBXFileReference; lastKnownFileType = sourcecode.c.objc; path = MTAddressModal.m; sourceTree = "<group>"; };
		CF2ED98C21467565000408B1 /* SInfiniteView.h */ = {isa = PBXFileReference; lastKnownFileType = sourcecode.c.h; path = SInfiniteView.h; sourceTree = "<group>"; };
		CF2ED98D21467565000408B1 /* SInfiniteView.m */ = {isa = PBXFileReference; lastKnownFileType = sourcecode.c.objc; path = SInfiniteView.m; sourceTree = "<group>"; };
		CF2ED99121467623000408B1 /* MASCompositeConstraint.h */ = {isa = PBXFileReference; fileEncoding = 4; lastKnownFileType = sourcecode.c.h; path = MASCompositeConstraint.h; sourceTree = "<group>"; };
		CF2ED99221467623000408B1 /* NSLayoutConstraint+MASDebugAdditions.m */ = {isa = PBXFileReference; fileEncoding = 4; lastKnownFileType = sourcecode.c.objc; path = "NSLayoutConstraint+MASDebugAdditions.m"; sourceTree = "<group>"; };
		CF2ED99321467623000408B1 /* MASConstraint+Private.h */ = {isa = PBXFileReference; fileEncoding = 4; lastKnownFileType = sourcecode.c.h; path = "MASConstraint+Private.h"; sourceTree = "<group>"; };
		CF2ED99421467623000408B1 /* MASLayoutConstraint.h */ = {isa = PBXFileReference; fileEncoding = 4; lastKnownFileType = sourcecode.c.h; path = MASLayoutConstraint.h; sourceTree = "<group>"; };
		CF2ED99521467623000408B1 /* NSArray+MASShorthandAdditions.h */ = {isa = PBXFileReference; fileEncoding = 4; lastKnownFileType = sourcecode.c.h; path = "NSArray+MASShorthandAdditions.h"; sourceTree = "<group>"; };
		CF2ED99621467623000408B1 /* MASConstraintMaker.h */ = {isa = PBXFileReference; fileEncoding = 4; lastKnownFileType = sourcecode.c.h; path = MASConstraintMaker.h; sourceTree = "<group>"; };
		CF2ED99721467623000408B1 /* View+MASAdditions.h */ = {isa = PBXFileReference; fileEncoding = 4; lastKnownFileType = sourcecode.c.h; path = "View+MASAdditions.h"; sourceTree = "<group>"; };
		CF2ED99821467623000408B1 /* NSArray+MASAdditions.h */ = {isa = PBXFileReference; fileEncoding = 4; lastKnownFileType = sourcecode.c.h; path = "NSArray+MASAdditions.h"; sourceTree = "<group>"; };
		CF2ED99921467623000408B1 /* MASUtilities.h */ = {isa = PBXFileReference; fileEncoding = 4; lastKnownFileType = sourcecode.c.h; path = MASUtilities.h; sourceTree = "<group>"; };
		CF2ED99A21467623000408B1 /* MASViewAttribute.h */ = {isa = PBXFileReference; fileEncoding = 4; lastKnownFileType = sourcecode.c.h; path = MASViewAttribute.h; sourceTree = "<group>"; };
		CF2ED99B21467623000408B1 /* ViewController+MASAdditions.m */ = {isa = PBXFileReference; fileEncoding = 4; lastKnownFileType = sourcecode.c.objc; path = "ViewController+MASAdditions.m"; sourceTree = "<group>"; };
		CF2ED99C21467623000408B1 /* MASViewConstraint.h */ = {isa = PBXFileReference; fileEncoding = 4; lastKnownFileType = sourcecode.c.h; path = MASViewConstraint.h; sourceTree = "<group>"; };
		CF2ED99D21467623000408B1 /* MASConstraint.h */ = {isa = PBXFileReference; fileEncoding = 4; lastKnownFileType = sourcecode.c.h; path = MASConstraint.h; sourceTree = "<group>"; };
		CF2ED99E21467623000408B1 /* NSLayoutConstraint+MASDebugAdditions.h */ = {isa = PBXFileReference; fileEncoding = 4; lastKnownFileType = sourcecode.c.h; path = "NSLayoutConstraint+MASDebugAdditions.h"; sourceTree = "<group>"; };
		CF2ED99F21467623000408B1 /* MASCompositeConstraint.m */ = {isa = PBXFileReference; fileEncoding = 4; lastKnownFileType = sourcecode.c.objc; path = MASCompositeConstraint.m; sourceTree = "<group>"; };
		CF2ED9A021467623000408B1 /* MASConstraintMaker.m */ = {isa = PBXFileReference; fileEncoding = 4; lastKnownFileType = sourcecode.c.objc; path = MASConstraintMaker.m; sourceTree = "<group>"; };
		CF2ED9A121467623000408B1 /* MASLayoutConstraint.m */ = {isa = PBXFileReference; fileEncoding = 4; lastKnownFileType = sourcecode.c.objc; path = MASLayoutConstraint.m; sourceTree = "<group>"; };
		CF2ED9A221467623000408B1 /* NSArray+MASAdditions.m */ = {isa = PBXFileReference; fileEncoding = 4; lastKnownFileType = sourcecode.c.objc; path = "NSArray+MASAdditions.m"; sourceTree = "<group>"; };
		CF2ED9A321467623000408B1 /* View+MASAdditions.m */ = {isa = PBXFileReference; fileEncoding = 4; lastKnownFileType = sourcecode.c.objc; path = "View+MASAdditions.m"; sourceTree = "<group>"; };
		CF2ED9A421467623000408B1 /* View+MASShorthandAdditions.h */ = {isa = PBXFileReference; fileEncoding = 4; lastKnownFileType = sourcecode.c.h; path = "View+MASShorthandAdditions.h"; sourceTree = "<group>"; };
		CF2ED9A521467623000408B1 /* Masonry.h */ = {isa = PBXFileReference; fileEncoding = 4; lastKnownFileType = sourcecode.c.h; path = Masonry.h; sourceTree = "<group>"; };
		CF2ED9A621467623000408B1 /* MASConstraint.m */ = {isa = PBXFileReference; fileEncoding = 4; lastKnownFileType = sourcecode.c.objc; path = MASConstraint.m; sourceTree = "<group>"; };
		CF2ED9A721467623000408B1 /* ViewController+MASAdditions.h */ = {isa = PBXFileReference; fileEncoding = 4; lastKnownFileType = sourcecode.c.h; path = "ViewController+MASAdditions.h"; sourceTree = "<group>"; };
		CF2ED9A821467623000408B1 /* MASViewConstraint.m */ = {isa = PBXFileReference; fileEncoding = 4; lastKnownFileType = sourcecode.c.objc; path = MASViewConstraint.m; sourceTree = "<group>"; };
		CF2ED9A921467623000408B1 /* MASViewAttribute.m */ = {isa = PBXFileReference; fileEncoding = 4; lastKnownFileType = sourcecode.c.objc; path = MASViewAttribute.m; sourceTree = "<group>"; };
		CF2ED9B521467688000408B1 /* GSProxy.h */ = {isa = PBXFileReference; fileEncoding = 4; lastKnownFileType = sourcecode.c.h; path = GSProxy.h; sourceTree = "<group>"; };
		CF2ED9B621467689000408B1 /* GSProxy.m */ = {isa = PBXFileReference; fileEncoding = 4; lastKnownFileType = sourcecode.c.objc; path = GSProxy.m; sourceTree = "<group>"; };
		CFC0A8CE21390A6F003ED426 /* SUSearchController.app */ = {isa = PBXFileReference; explicitFileType = wrapper.application; includeInIndex = 0; path = SUSearchController.app; sourceTree = BUILT_PRODUCTS_DIR; };
		CFC0A8D121390A6F003ED426 /* AppDelegate.h */ = {isa = PBXFileReference; lastKnownFileType = sourcecode.c.h; path = AppDelegate.h; sourceTree = "<group>"; };
		CFC0A8D221390A6F003ED426 /* AppDelegate.m */ = {isa = PBXFileReference; lastKnownFileType = sourcecode.c.objc; path = AppDelegate.m; sourceTree = "<group>"; };
		CFC0A8D421390A6F003ED426 /* ViewController.h */ = {isa = PBXFileReference; lastKnownFileType = sourcecode.c.h; path = ViewController.h; sourceTree = "<group>"; };
		CFC0A8D521390A6F003ED426 /* ViewController.m */ = {isa = PBXFileReference; lastKnownFileType = sourcecode.c.objc; path = ViewController.m; sourceTree = "<group>"; };
		CFC0A8D821390A6F003ED426 /* Base */ = {isa = PBXFileReference; lastKnownFileType = file.storyboard; name = Base; path = Base.lproj/Main.storyboard; sourceTree = "<group>"; };
		CFC0A8DA21390A7E003ED426 /* Assets.xcassets */ = {isa = PBXFileReference; lastKnownFileType = folder.assetcatalog; path = Assets.xcassets; sourceTree = "<group>"; };
		CFC0A8DD21390A7E003ED426 /* Base */ = {isa = PBXFileReference; lastKnownFileType = file.storyboard; name = Base; path = Base.lproj/LaunchScreen.storyboard; sourceTree = "<group>"; };
		CFC0A8DF21390A7E003ED426 /* Info.plist */ = {isa = PBXFileReference; lastKnownFileType = text.plist.xml; path = Info.plist; sourceTree = "<group>"; };
		CFC0A8E021390A7E003ED426 /* main.m */ = {isa = PBXFileReference; lastKnownFileType = sourcecode.c.objc; path = main.m; sourceTree = "<group>"; };
		CFC0A8E621390A7F003ED426 /* SUSearchControllerTests.xctest */ = {isa = PBXFileReference; explicitFileType = wrapper.cfbundle; includeInIndex = 0; path = SUSearchControllerTests.xctest; sourceTree = BUILT_PRODUCTS_DIR; };
		CFC0A8EA21390A7F003ED426 /* SUSearchControllerTests.m */ = {isa = PBXFileReference; lastKnownFileType = sourcecode.c.objc; path = SUSearchControllerTests.m; sourceTree = "<group>"; };
		CFC0A8EC21390A7F003ED426 /* Info.plist */ = {isa = PBXFileReference; lastKnownFileType = text.plist.xml; path = Info.plist; sourceTree = "<group>"; };
		CFC0A8F121390A7F003ED426 /* SUSearchControllerUITests.xctest */ = {isa = PBXFileReference; explicitFileType = wrapper.cfbundle; includeInIndex = 0; path = SUSearchControllerUITests.xctest; sourceTree = BUILT_PRODUCTS_DIR; };
		CFC0A8F521390A7F003ED426 /* SUSearchControllerUITests.m */ = {isa = PBXFileReference; lastKnownFileType = sourcecode.c.objc; path = SUSearchControllerUITests.m; sourceTree = "<group>"; };
		CFC0A8F721390A7F003ED426 /* Info.plist */ = {isa = PBXFileReference; lastKnownFileType = text.plist.xml; path = Info.plist; sourceTree = "<group>"; };
		CFC0A90321391045003ED426 /* SNavigationController.h */ = {isa = PBXFileReference; lastKnownFileType = sourcecode.c.h; path = SNavigationController.h; sourceTree = "<group>"; };
		CFC0A90421391045003ED426 /* SNavigationController.m */ = {isa = PBXFileReference; lastKnownFileType = sourcecode.c.objc; path = SNavigationController.m; sourceTree = "<group>"; };
		CFC0A906213914E9003ED426 /* STabBarController.h */ = {isa = PBXFileReference; lastKnownFileType = sourcecode.c.h; path = STabBarController.h; sourceTree = "<group>"; };
		CFC0A907213914E9003ED426 /* STabBarController.m */ = {isa = PBXFileReference; lastKnownFileType = sourcecode.c.objc; path = STabBarController.m; sourceTree = "<group>"; };
		CFC0A90B21392D3B003ED426 /* SNormalSearchViewController.h */ = {isa = PBXFileReference; lastKnownFileType = sourcecode.c.h; path = SNormalSearchViewController.h; sourceTree = "<group>"; };
		CFC0A90C21392D3B003ED426 /* SNormalSearchViewController.m */ = {isa = PBXFileReference; lastKnownFileType = sourcecode.c.objc; path = SNormalSearchViewController.m; sourceTree = "<group>"; };
		CFC0A90E21392E39003ED426 /* SSearchResultVC.h */ = {isa = PBXFileReference; lastKnownFileType = sourcecode.c.h; path = SSearchResultVC.h; sourceTree = "<group>"; };
		CFC0A90F21392E39003ED426 /* SSearchResultVC.m */ = {isa = PBXFileReference; lastKnownFileType = sourcecode.c.objc; path = SSearchResultVC.m; sourceTree = "<group>"; };
		CFC0A912213937A8003ED426 /* SCountryModal.h */ = {isa = PBXFileReference; lastKnownFileType = sourcecode.c.h; path = SCountryModal.h; sourceTree = "<group>"; };
		CFC0A913213937A8003ED426 /* SCountryModal.m */ = {isa = PBXFileReference; lastKnownFileType = sourcecode.c.objc; path = SCountryModal.m; sourceTree = "<group>"; };
		CFC0A915213944F5003ED426 /* 1.plist */ = {isa = PBXFileReference; fileEncoding = 4; lastKnownFileType = text.plist.xml; path = 1.plist; sourceTree = "<group>"; };
		CFC0A916213944F6003ED426 /* city.plist */ = {isa = PBXFileReference; fileEncoding = 4; lastKnownFileType = text.plist.xml; path = city.plist; sourceTree = "<group>"; };
		CFC0A917213944F7003ED426 /* country.txt */ = {isa = PBXFileReference; fileEncoding = 4; lastKnownFileType = text; path = country.txt; sourceTree = "<group>"; };
		CFC0A918213944F8003ED426 /* cars_total.plist */ = {isa = PBXFileReference; fileEncoding = 4; lastKnownFileType = text.plist.xml; path = cars_total.plist; sourceTree = "<group>"; };
		CFC0A919213944F8003ED426 /* citydata.plist */ = {isa = PBXFileReference; fileEncoding = 4; lastKnownFileType = text.plist.xml; path = citydata.plist; sourceTree = "<group>"; };
/* End PBXFileReference section */

/* Begin PBXFrameworksBuildPhase section */
		CFC0A8CB21390A6F003ED426 /* Frameworks */ = {
			isa = PBXFrameworksBuildPhase;
			buildActionMask = 2147483647;
			files = (
			);
			runOnlyForDeploymentPostprocessing = 0;
		};
		CFC0A8E321390A7F003ED426 /* Frameworks */ = {
			isa = PBXFrameworksBuildPhase;
			buildActionMask = 2147483647;
			files = (
			);
			runOnlyForDeploymentPostprocessing = 0;
		};
		CFC0A8EE21390A7F003ED426 /* Frameworks */ = {
			isa = PBXFrameworksBuildPhase;
			buildActionMask = 2147483647;
			files = (
			);
			runOnlyForDeploymentPostprocessing = 0;
		};
/* End PBXFrameworksBuildPhase section */

/* Begin PBXGroup section */
		CF289E0A214AA89C00E3ED41 /* Category */ = {
			isa = PBXGroup;
			children = (
				CF289E0B214AA8BD00E3ED41 /* UIView+Size.h */,
				CF289E0C214AA8BD00E3ED41 /* UIView+Size.m */,
			);
			path = Category;
			sourceTree = "<group>";
		};
		CF289E17214E0D5800E3ED41 /* MTSearch */ = {
			isa = PBXGroup;
			children = (
				CF289E18214E0D9500E3ED41 /* MTAddressMainVC.h */,
				CF289E19214E0D9500E3ED41 /* MTAddressMainVC.m */,
				CF289E1B214E0DC200E3ED41 /* SegmentedControl.h */,
				CF289E1C214E0DC200E3ED41 /* SegmentedControl.m */,
				CF289E1E214E0DE200E3ED41 /* AddressTableView.h */,
				CF289E1F214E0DE200E3ED41 /* AddressTableView.m */,
			);
			path = MTSearch;
			sourceTree = "<group>";
		};
		CF2ED98A214669D9000408B1 /* JDSearch */ = {
			isa = PBXGroup;
			children = (
				CF289DFE214AA31500E3ED41 /* JDHomeVC.h */,
				CF289DFF214AA31500E3ED41 /* JDHomeVC.m */,
				CF289E04214AA37D00E3ED41 /* JDNavigationView.h */,
				CF289E05214AA37D00E3ED41 /* JDNavigationView.m */,
				CF289E01214AA35700E3ED41 /* JDSearchMainVC.h */,
				CF289E02214AA35700E3ED41 /* JDSearchMainVC.m */,
				CF289E0E214AABC500E3ED41 /* JDSearchVC.h */,
				CF289E0F214AABC500E3ED41 /* JDSearchVC.m */,
				CF289E14214AAC9F00E3ED41 /* JDSearchBar.h */,
				CF289E15214AAC9F00E3ED41 /* JDSearchBar.m */,
				CF289E11214AAC1200E3ED41 /* JDSearchHistory.h */,
				CF289E12214AAC1200E3ED41 /* JDSearchHistory.m */,
				CF289E07214AA7A200E3ED41 /* JDButton.h */,
				CF289E08214AA7A200E3ED41 /* JDButton.m */,
			);
			path = JDSearch;
			sourceTree = "<group>";
		};
		CF2ED98B2146749D000408B1 /* 轮播 */ = {
			isa = PBXGroup;
			children = (
				CF2ED98C21467565000408B1 /* SInfiniteView.h */,
				CF2ED98D21467565000408B1 /* SInfiniteView.m */,
			);
			path = "轮播";
			sourceTree = "<group>";
		};
		CF2ED98F21467615000408B1 /* Lib */ = {
			isa = PBXGroup;
			children = (
				CF2ED9B42146766B000408B1 /* Tools */,
				CF2ED99021467623000408B1 /* Masonry */,
			);
			path = Lib;
			sourceTree = "<group>";
		};
		CF2ED99021467623000408B1 /* Masonry */ = {
			isa = PBXGroup;
			children = (
				CF2ED99121467623000408B1 /* MASCompositeConstraint.h */,
				CF2ED99221467623000408B1 /* NSLayoutConstraint+MASDebugAdditions.m */,
				CF2ED99321467623000408B1 /* MASConstraint+Private.h */,
				CF2ED99421467623000408B1 /* MASLayoutConstraint.h */,
				CF2ED99521467623000408B1 /* NSArray+MASShorthandAdditions.h */,
				CF2ED99621467623000408B1 /* MASConstraintMaker.h */,
				CF2ED99721467623000408B1 /* View+MASAdditions.h */,
				CF2ED99821467623000408B1 /* NSArray+MASAdditions.h */,
				CF2ED99921467623000408B1 /* MASUtilities.h */,
				CF2ED99A21467623000408B1 /* MASViewAttribute.h */,
				CF2ED99B21467623000408B1 /* ViewController+MASAdditions.m */,
				CF2ED99C21467623000408B1 /* MASViewConstraint.h */,
				CF2ED99D21467623000408B1 /* MASConstraint.h */,
				CF2ED99E21467623000408B1 /* NSLayoutConstraint+MASDebugAdditions.h */,
				CF2ED99F21467623000408B1 /* MASCompositeConstraint.m */,
				CF2ED9A021467623000408B1 /* MASConstraintMaker.m */,
				CF2ED9A121467623000408B1 /* MASLayoutConstraint.m */,
				CF2ED9A221467623000408B1 /* NSArray+MASAdditions.m */,
				CF2ED9A321467623000408B1 /* View+MASAdditions.m */,
				CF2ED9A421467623000408B1 /* View+MASShorthandAdditions.h */,
				CF2ED9A521467623000408B1 /* Masonry.h */,
				CF2ED9A621467623000408B1 /* MASConstraint.m */,
				CF2ED9A721467623000408B1 /* ViewController+MASAdditions.h */,
				CF2ED9A821467623000408B1 /* MASViewConstraint.m */,
				CF2ED9A921467623000408B1 /* MASViewAttribute.m */,
			);
			path = Masonry;
			sourceTree = "<group>";
		};
		CF2ED9B42146766B000408B1 /* Tools */ = {
			isa = PBXGroup;
			children = (
				CF2ED9B521467688000408B1 /* GSProxy.h */,
				CF2ED9B621467689000408B1 /* GSProxy.m */,
				CF289E0A214AA89C00E3ED41 /* Category */,
			);
			path = Tools;
			sourceTree = "<group>";
		};
		CFC0A8C521390A6F003ED426 = {
			isa = PBXGroup;
			children = (
				CFC0A8D021390A6F003ED426 /* SUSearchController */,
				CFC0A8E921390A7F003ED426 /* SUSearchControllerTests */,
				CFC0A8F421390A7F003ED426 /* SUSearchControllerUITests */,
				CFC0A8CF21390A6F003ED426 /* Products */,
			);
			sourceTree = "<group>";
		};
		CFC0A8CF21390A6F003ED426 /* Products */ = {
			isa = PBXGroup;
			children = (
				CFC0A8CE21390A6F003ED426 /* SUSearchController.app */,
				CFC0A8E621390A7F003ED426 /* SUSearchControllerTests.xctest */,
				CFC0A8F121390A7F003ED426 /* SUSearchControllerUITests.xctest */,
			);
			name = Products;
			sourceTree = "<group>";
		};
		CFC0A8D021390A6F003ED426 /* SUSearchController */ = {
			isa = PBXGroup;
			children = (
				CFC0A8D121390A6F003ED426 /* AppDelegate.h */,
				CFC0A8D221390A6F003ED426 /* AppDelegate.m */,
				CFC0A8D421390A6F003ED426 /* ViewController.h */,
				CFC0A8D521390A6F003ED426 /* ViewController.m */,
				CFC0A9112139376E003ED426 /* Model */,
				CF2ED98A214669D9000408B1 /* JDSearch */,
				CF289E17214E0D5800E3ED41 /* MTSearch */,
				CFC0A90A21392CE1003ED426 /* NormalVC */,
				CFC0A90921391984003ED426 /* Controller */,
				CFC0A8D721390A6F003ED426 /* Main.storyboard */,
				CFC0A915213944F5003ED426 /* 1.plist */,
				CFC0A918213944F8003ED426 /* cars_total.plist */,
				CFC0A916213944F6003ED426 /* city.plist */,
				CFC0A919213944F8003ED426 /* citydata.plist */,
				CFC0A917213944F7003ED426 /* country.txt */,
				CF2ED98F21467615000408B1 /* Lib */,
				CFC0A8DA21390A7E003ED426 /* Assets.xcassets */,
				CFC0A8DC21390A7E003ED426 /* LaunchScreen.storyboard */,
				CFC0A8DF21390A7E003ED426 /* Info.plist */,
				CFC0A8E021390A7E003ED426 /* main.m */,
			);
			path = SUSearchController;
			sourceTree = "<group>";
		};
		CFC0A8E921390A7F003ED426 /* SUSearchControllerTests */ = {
			isa = PBXGroup;
			children = (
				CFC0A8EA21390A7F003ED426 /* SUSearchControllerTests.m */,
				CFC0A8EC21390A7F003ED426 /* Info.plist */,
			);
			path = SUSearchControllerTests;
			sourceTree = "<group>";
		};
		CFC0A8F421390A7F003ED426 /* SUSearchControllerUITests */ = {
			isa = PBXGroup;
			children = (
				CFC0A8F521390A7F003ED426 /* SUSearchControllerUITests.m */,
				CFC0A8F721390A7F003ED426 /* Info.plist */,
			);
			path = SUSearchControllerUITests;
			sourceTree = "<group>";
		};
		CFC0A90921391984003ED426 /* Controller */ = {
			isa = PBXGroup;
			children = (
				CFC0A90321391045003ED426 /* SNavigationController.h */,
				CFC0A90421391045003ED426 /* SNavigationController.m */,
				CFC0A906213914E9003ED426 /* STabBarController.h */,
				CFC0A907213914E9003ED426 /* STabBarController.m */,
				CF2ED98B2146749D000408B1 /* 轮播 */,
			);
			path = Controller;
			sourceTree = "<group>";
		};
		CFC0A90A21392CE1003ED426 /* NormalVC */ = {
			isa = PBXGroup;
			children = (
				CFC0A90B21392D3B003ED426 /* SNormalSearchViewController.h */,
				CFC0A90C21392D3B003ED426 /* SNormalSearchViewController.m */,
				CFC0A90E21392E39003ED426 /* SSearchResultVC.h */,
				CFC0A90F21392E39003ED426 /* SSearchResultVC.m */,
			);
			path = NormalVC;
			sourceTree = "<group>";
		};
		CFC0A9112139376E003ED426 /* Model */ = {
			isa = PBXGroup;
			children = (
				CFC0A912213937A8003ED426 /* SCountryModal.h */,
				CFC0A913213937A8003ED426 /* SCountryModal.m */,
				CF289E21214E0E2B00E3ED41 /* MTAddressModal.h */,
				CF289E22214E0E2B00E3ED41 /* MTAddressModal.m */,
			);
			path = Model;
			sourceTree = "<group>";
		};
/* End PBXGroup section */

/* Begin PBXNativeTarget section */
		CFC0A8CD21390A6F003ED426 /* SUSearchController */ = {
			isa = PBXNativeTarget;
			buildConfigurationList = CFC0A8FA21390A7F003ED426 /* Build configuration list for PBXNativeTarget "SUSearchController" */;
			buildPhases = (
				CFC0A8CA21390A6F003ED426 /* Sources */,
				CFC0A8CB21390A6F003ED426 /* Frameworks */,
				CFC0A8CC21390A6F003ED426 /* Resources */,
			);
			buildRules = (
			);
			dependencies = (
			);
			name = SUSearchController;
			productName = SUSearchController;
			productReference = CFC0A8CE21390A6F003ED426 /* SUSearchController.app */;
			productType = "com.apple.product-type.application";
		};
		CFC0A8E521390A7F003ED426 /* SUSearchControllerTests */ = {
			isa = PBXNativeTarget;
			buildConfigurationList = CFC0A8FD21390A7F003ED426 /* Build configuration list for PBXNativeTarget "SUSearchControllerTests" */;
			buildPhases = (
				CFC0A8E221390A7F003ED426 /* Sources */,
				CFC0A8E321390A7F003ED426 /* Frameworks */,
				CFC0A8E421390A7F003ED426 /* Resources */,
			);
			buildRules = (
			);
			dependencies = (
				CFC0A8E821390A7F003ED426 /* PBXTargetDependency */,
			);
			name = SUSearchControllerTests;
			productName = SUSearchControllerTests;
			productReference = CFC0A8E621390A7F003ED426 /* SUSearchControllerTests.xctest */;
			productType = "com.apple.product-type.bundle.unit-test";
		};
		CFC0A8F021390A7F003ED426 /* SUSearchControllerUITests */ = {
			isa = PBXNativeTarget;
			buildConfigurationList = CFC0A90021390A7F003ED426 /* Build configuration list for PBXNativeTarget "SUSearchControllerUITests" */;
			buildPhases = (
				CFC0A8ED21390A7F003ED426 /* Sources */,
				CFC0A8EE21390A7F003ED426 /* Frameworks */,
				CFC0A8EF21390A7F003ED426 /* Resources */,
			);
			buildRules = (
			);
			dependencies = (
				CFC0A8F321390A7F003ED426 /* PBXTargetDependency */,
			);
			name = SUSearchControllerUITests;
			productName = SUSearchControllerUITests;
			productReference = CFC0A8F121390A7F003ED426 /* SUSearchControllerUITests.xctest */;
			productType = "com.apple.product-type.bundle.ui-testing";
		};
/* End PBXNativeTarget section */

/* Begin PBXProject section */
		CFC0A8C621390A6F003ED426 /* Project object */ = {
			isa = PBXProject;
			attributes = {
				LastUpgradeCheck = 0940;
				ORGANIZATIONNAME = Superman;
				TargetAttributes = {
					CFC0A8CD21390A6F003ED426 = {
						CreatedOnToolsVersion = 9.4.1;
					};
					CFC0A8E521390A7F003ED426 = {
						CreatedOnToolsVersion = 9.4.1;
						TestTargetID = CFC0A8CD21390A6F003ED426;
					};
					CFC0A8F021390A7F003ED426 = {
						CreatedOnToolsVersion = 9.4.1;
						TestTargetID = CFC0A8CD21390A6F003ED426;
					};
				};
			};
			buildConfigurationList = CFC0A8C921390A6F003ED426 /* Build configuration list for PBXProject "SUSearchController" */;
			compatibilityVersion = "Xcode 9.3";
			developmentRegion = en;
			hasScannedForEncodings = 0;
			knownRegions = (
				en,
				Base,
			);
			mainGroup = CFC0A8C521390A6F003ED426;
			productRefGroup = CFC0A8CF21390A6F003ED426 /* Products */;
			projectDirPath = "";
			projectRoot = "";
			targets = (
				CFC0A8CD21390A6F003ED426 /* SUSearchController */,
				CFC0A8E521390A7F003ED426 /* SUSearchControllerTests */,
				CFC0A8F021390A7F003ED426 /* SUSearchControllerUITests */,
			);
		};
/* End PBXProject section */

/* Begin PBXResourcesBuildPhase section */
		CFC0A8CC21390A6F003ED426 /* Resources */ = {
			isa = PBXResourcesBuildPhase;
			buildActionMask = 2147483647;
			files = (
				CFC0A8DE21390A7E003ED426 /* LaunchScreen.storyboard in Resources */,
				CFC0A8DB21390A7E003ED426 /* Assets.xcassets in Resources */,
				CFC0A91B213944F9003ED426 /* city.plist in Resources */,
				CFC0A91E213944F9003ED426 /* citydata.plist in Resources */,
				CFC0A91C213944F9003ED426 /* country.txt in Resources */,
				CFC0A91A213944F9003ED426 /* 1.plist in Resources */,
				CFC0A8D921390A6F003ED426 /* Main.storyboard in Resources */,
				CFC0A91D213944F9003ED426 /* cars_total.plist in Resources */,
			);
			runOnlyForDeploymentPostprocessing = 0;
		};
		CFC0A8E421390A7F003ED426 /* Resources */ = {
			isa = PBXResourcesBuildPhase;
			buildActionMask = 2147483647;
			files = (
			);
			runOnlyForDeploymentPostprocessing = 0;
		};
		CFC0A8EF21390A7F003ED426 /* Resources */ = {
			isa = PBXResourcesBuildPhase;
			buildActionMask = 2147483647;
			files = (
			);
			runOnlyForDeploymentPostprocessing = 0;
		};
/* End PBXResourcesBuildPhase section */

/* Begin PBXSourcesBuildPhase section */
		CFC0A8CA21390A6F003ED426 /* Sources */ = {
			isa = PBXSourcesBuildPhase;
			buildActionMask = 2147483647;
			files = (
				CF289E00214AA31500E3ED41 /* JDHomeVC.m in Sources */,
				CFC0A8D621390A6F003ED426 /* ViewController.m in Sources */,
				CFC0A90D21392D3B003ED426 /* SNormalSearchViewController.m in Sources */,
				CF2ED9AF21467623000408B1 /* NSArray+MASAdditions.m in Sources */,
				CFC0A90521391045003ED426 /* SNavigationController.m in Sources */,
				CF289E13214AAC1200E3ED41 /* JDSearchHistory.m in Sources */,
				CF2ED9B021467623000408B1 /* View+MASAdditions.m in Sources */,
				CF2ED9AA21467623000408B1 /* NSLayoutConstraint+MASDebugAdditions.m in Sources */,
				CF289E09214AA7A200E3ED41 /* JDButton.m in Sources */,
				CF289E16214AAC9F00E3ED41 /* JDSearchBar.m in Sources */,
				CF2ED9AC21467623000408B1 /* MASCompositeConstraint.m in Sources */,
				CFC0A908213914E9003ED426 /* STabBarController.m in Sources */,
				CF289E20214E0DE200E3ED41 /* AddressTableView.m in Sources */,
				CF2ED9AB21467623000408B1 /* ViewController+MASAdditions.m in Sources */,
				CF2ED9B321467623000408B1 /* MASViewAttribute.m in Sources */,
				CF289E10214AABC500E3ED41 /* JDSearchVC.m in Sources */,
				CF289E03214AA35700E3ED41 /* JDSearchMainVC.m in Sources */,
				CF2ED9B221467623000408B1 /* MASViewConstraint.m in Sources */,
				CF289E06214AA37D00E3ED41 /* JDNavigationView.m in Sources */,
				CF2ED98E21467565000408B1 /* SInfiniteView.m in Sources */,
				CF289E1A214E0D9500E3ED41 /* MTAddressMainVC.m in Sources */,
				CF289E0D214AA8BD00E3ED41 /* UIView+Size.m in Sources */,
				CF2ED9AD21467623000408B1 /* MASConstraintMaker.m in Sources */,
				CFC0A8E121390A7E003ED426 /* main.m in Sources */,
				CF2ED9AE21467623000408B1 /* MASLayoutConstraint.m in Sources */,
				CFC0A91021392E39003ED426 /* SSearchResultVC.m in Sources */,
				CF2ED9B721467689000408B1 /* GSProxy.m in Sources */,
				CFC0A914213937A8003ED426 /* SCountryModal.m in Sources */,
				CF2ED9B121467623000408B1 /* MASConstraint.m in Sources */,
				CF289E1D214E0DC200E3ED41 /* SegmentedControl.m in Sources */,
				CFC0A8D321390A6F003ED426 /* AppDelegate.m in Sources */,
				CF289E23214E0E2B00E3ED41 /* MTAddressModal.m in Sources */,
			);
			runOnlyForDeploymentPostprocessing = 0;
		};
		CFC0A8E221390A7F003ED426 /* Sources */ = {
			isa = PBXSourcesBuildPhase;
			buildActionMask = 2147483647;
			files = (
				CFC0A8EB21390A7F003ED426 /* SUSearchControllerTests.m in Sources */,
			);
			runOnlyForDeploymentPostprocessing = 0;
		};
		CFC0A8ED21390A7F003ED426 /* Sources */ = {
			isa = PBXSourcesBuildPhase;
			buildActionMask = 2147483647;
			files = (
				CFC0A8F621390A7F003ED426 /* SUSearchControllerUITests.m in Sources */,
			);
			runOnlyForDeploymentPostprocessing = 0;
		};
/* End PBXSourcesBuildPhase section */

/* Begin PBXTargetDependency section */
		CFC0A8E821390A7F003ED426 /* PBXTargetDependency */ = {
			isa = PBXTargetDependency;
			target = CFC0A8CD21390A6F003ED426 /* SUSearchController */;
			targetProxy = CFC0A8E721390A7F003ED426 /* PBXContainerItemProxy */;
		};
		CFC0A8F321390A7F003ED426 /* PBXTargetDependency */ = {
			isa = PBXTargetDependency;
			target = CFC0A8CD21390A6F003ED426 /* SUSearchController */;
			targetProxy = CFC0A8F221390A7F003ED426 /* PBXContainerItemProxy */;
		};
/* End PBXTargetDependency section */

/* Begin PBXVariantGroup section */
		CFC0A8D721390A6F003ED426 /* Main.storyboard */ = {
			isa = PBXVariantGroup;
			children = (
				CFC0A8D821390A6F003ED426 /* Base */,
			);
			name = Main.storyboard;
			sourceTree = "<group>";
		};
		CFC0A8DC21390A7E003ED426 /* LaunchScreen.storyboard */ = {
			isa = PBXVariantGroup;
			children = (
				CFC0A8DD21390A7E003ED426 /* Base */,
			);
			name = LaunchScreen.storyboard;
			sourceTree = "<group>";
		};
/* End PBXVariantGroup section */

/* Begin XCBuildConfiguration section */
		CFC0A8F821390A7F003ED426 /* Debug */ = {
			isa = XCBuildConfiguration;
			buildSettings = {
				ALWAYS_SEARCH_USER_PATHS = NO;
				CLANG_ANALYZER_NONNULL = YES;
				CLANG_ANALYZER_NUMBER_OBJECT_CONVERSION = YES_AGGRESSIVE;
				CLANG_CXX_LANGUAGE_STANDARD = "gnu++14";
				CLANG_CXX_LIBRARY = "libc++";
				CLANG_ENABLE_MODULES = YES;
				CLANG_ENABLE_OBJC_ARC = YES;
				CLANG_ENABLE_OBJC_WEAK = YES;
				CLANG_WARN_BLOCK_CAPTURE_AUTORELEASING = YES;
				CLANG_WARN_BOOL_CONVERSION = YES;
				CLANG_WARN_COMMA = YES;
				CLANG_WARN_CONSTANT_CONVERSION = YES;
				CLANG_WARN_DEPRECATED_OBJC_IMPLEMENTATIONS = YES;
				CLANG_WARN_DIRECT_OBJC_ISA_USAGE = YES_ERROR;
				CLANG_WARN_DOCUMENTATION_COMMENTS = YES;
				CLANG_WARN_EMPTY_BODY = YES;
				CLANG_WARN_ENUM_CONVERSION = YES;
				CLANG_WARN_INFINITE_RECURSION = YES;
				CLANG_WARN_INT_CONVERSION = YES;
				CLANG_WARN_NON_LITERAL_NULL_CONVERSION = YES;
				CLANG_WARN_OBJC_IMPLICIT_RETAIN_SELF = YES;
				CLANG_WARN_OBJC_LITERAL_CONVERSION = YES;
				CLANG_WARN_OBJC_ROOT_CLASS = YES_ERROR;
				CLANG_WARN_RANGE_LOOP_ANALYSIS = YES;
				CLANG_WARN_STRICT_PROTOTYPES = YES;
				CLANG_WARN_SUSPICIOUS_MOVE = YES;
				CLANG_WARN_UNGUARDED_AVAILABILITY = YES_AGGRESSIVE;
				CLANG_WARN_UNREACHABLE_CODE = YES;
				CLANG_WARN__DUPLICATE_METHOD_MATCH = YES;
				CODE_SIGN_IDENTITY = "iPhone Developer";
				COPY_PHASE_STRIP = NO;
				DEBUG_INFORMATION_FORMAT = dwarf;
				ENABLE_STRICT_OBJC_MSGSEND = YES;
				ENABLE_TESTABILITY = YES;
				GCC_C_LANGUAGE_STANDARD = gnu11;
				GCC_DYNAMIC_NO_PIC = NO;
				GCC_NO_COMMON_BLOCKS = YES;
				GCC_OPTIMIZATION_LEVEL = 0;
				GCC_PREPROCESSOR_DEFINITIONS = (
					"DEBUG=1",
					"$(inherited)",
				);
				GCC_WARN_64_TO_32_BIT_CONVERSION = YES;
				GCC_WARN_ABOUT_RETURN_TYPE = YES_ERROR;
				GCC_WARN_UNDECLARED_SELECTOR = YES;
				GCC_WARN_UNINITIALIZED_AUTOS = YES_AGGRESSIVE;
				GCC_WARN_UNUSED_FUNCTION = YES;
				GCC_WARN_UNUSED_VARIABLE = YES;
				IPHONEOS_DEPLOYMENT_TARGET = 11.4;
				MTL_ENABLE_DEBUG_INFO = YES;
				ONLY_ACTIVE_ARCH = YES;
				SDKROOT = iphoneos;
			};
			name = Debug;
		};
		CFC0A8F921390A7F003ED426 /* Release */ = {
			isa = XCBuildConfiguration;
			buildSettings = {
				ALWAYS_SEARCH_USER_PATHS = NO;
				CLANG_ANALYZER_NONNULL = YES;
				CLANG_ANALYZER_NUMBER_OBJECT_CONVERSION = YES_AGGRESSIVE;
				CLANG_CXX_LANGUAGE_STANDARD = "gnu++14";
				CLANG_CXX_LIBRARY = "libc++";
				CLANG_ENABLE_MODULES = YES;
				CLANG_ENABLE_OBJC_ARC = YES;
				CLANG_ENABLE_OBJC_WEAK = YES;
				CLANG_WARN_BLOCK_CAPTURE_AUTORELEASING = YES;
				CLANG_WARN_BOOL_CONVERSION = YES;
				CLANG_WARN_COMMA = YES;
				CLANG_WARN_CONSTANT_CONVERSION = YES;
				CLANG_WARN_DEPRECATED_OBJC_IMPLEMENTATIONS = YES;
				CLANG_WARN_DIRECT_OBJC_ISA_USAGE = YES_ERROR;
				CLANG_WARN_DOCUMENTATION_COMMENTS = YES;
				CLANG_WARN_EMPTY_BODY = YES;
				CLANG_WARN_ENUM_CONVERSION = YES;
				CLANG_WARN_INFINITE_RECURSION = YES;
				CLANG_WARN_INT_CONVERSION = YES;
				CLANG_WARN_NON_LITERAL_NULL_CONVERSION = YES;
				CLANG_WARN_OBJC_IMPLICIT_RETAIN_SELF = YES;
				CLANG_WARN_OBJC_LITERAL_CONVERSION = YES;
				CLANG_WARN_OBJC_ROOT_CLASS = YES_ERROR;
				CLANG_WARN_RANGE_LOOP_ANALYSIS = YES;
				CLANG_WARN_STRICT_PROTOTYPES = YES;
				CLANG_WARN_SUSPICIOUS_MOVE = YES;
				CLANG_WARN_UNGUARDED_AVAILABILITY = YES_AGGRESSIVE;
				CLANG_WARN_UNREACHABLE_CODE = YES;
				CLANG_WARN__DUPLICATE_METHOD_MATCH = YES;
				CODE_SIGN_IDENTITY = "iPhone Developer";
				COPY_PHASE_STRIP = NO;
				DEBUG_INFORMATION_FORMAT = "dwarf-with-dsym";
				ENABLE_NS_ASSERTIONS = NO;
				ENABLE_STRICT_OBJC_MSGSEND = YES;
				GCC_C_LANGUAGE_STANDARD = gnu11;
				GCC_NO_COMMON_BLOCKS = YES;
				GCC_WARN_64_TO_32_BIT_CONVERSION = YES;
				GCC_WARN_ABOUT_RETURN_TYPE = YES_ERROR;
				GCC_WARN_UNDECLARED_SELECTOR = YES;
				GCC_WARN_UNINITIALIZED_AUTOS = YES_AGGRESSIVE;
				GCC_WARN_UNUSED_FUNCTION = YES;
				GCC_WARN_UNUSED_VARIABLE = YES;
				IPHONEOS_DEPLOYMENT_TARGET = 11.4;
				MTL_ENABLE_DEBUG_INFO = NO;
				SDKROOT = iphoneos;
				VALIDATE_PRODUCT = YES;
			};
			name = Release;
		};
		CFC0A8FB21390A7F003ED426 /* Debug */ = {
			isa = XCBuildConfiguration;
			buildSettings = {
				ASSETCATALOG_COMPILER_APPICON_NAME = AppIcon;
				CODE_SIGN_STYLE = Automatic;
				DEVELOPMENT_TEAM = 78S8WECG83;
				INFOPLIST_FILE = SUSearchController/Info.plist;
				IPHONEOS_DEPLOYMENT_TARGET = 10.0;
				LD_RUNPATH_SEARCH_PATHS = (
					"$(inherited)",
					"@executable_path/Frameworks",
				);
				PRODUCT_BUNDLE_IDENTIFIER = ffd.SUSearchController;
				PRODUCT_NAME = "$(TARGET_NAME)";
				TARGETED_DEVICE_FAMILY = 1;
			};
			name = Debug;
		};
		CFC0A8FC21390A7F003ED426 /* Release */ = {
			isa = XCBuildConfiguration;
			buildSettings = {
				ASSETCATALOG_COMPILER_APPICON_NAME = AppIcon;
				CODE_SIGN_STYLE = Automatic;
				DEVELOPMENT_TEAM = 78S8WECG83;
				INFOPLIST_FILE = SUSearchController/Info.plist;
				IPHONEOS_DEPLOYMENT_TARGET = 10.0;
				LD_RUNPATH_SEARCH_PATHS = (
					"$(inherited)",
					"@executable_path/Frameworks",
				);
				PRODUCT_BUNDLE_IDENTIFIER = ffd.SUSearchController;
				PRODUCT_NAME = "$(TARGET_NAME)";
				TARGETED_DEVICE_FAMILY = 1;
			};
			name = Release;
		};
		CFC0A8FE21390A7F003ED426 /* Debug */ = {
			isa = XCBuildConfiguration;
			buildSettings = {
				BUNDLE_LOADER = "$(TEST_HOST)";
				CODE_SIGN_STYLE = Automatic;
				INFOPLIST_FILE = SUSearchControllerTests/Info.plist;
				LD_RUNPATH_SEARCH_PATHS = (
					"$(inherited)",
					"@executable_path/Frameworks",
					"@loader_path/Frameworks",
				);
				PRODUCT_BUNDLE_IDENTIFIER = ffd.SUSearchControllerTests;
				PRODUCT_NAME = "$(TARGET_NAME)";
				TARGETED_DEVICE_FAMILY = "1,2";
				TEST_HOST = "$(BUILT_PRODUCTS_DIR)/SUSearchController.app/SUSearchController";
			};
			name = Debug;
		};
		CFC0A8FF21390A7F003ED426 /* Release */ = {
			isa = XCBuildConfiguration;
			buildSettings = {
				BUNDLE_LOADER = "$(TEST_HOST)";
				CODE_SIGN_STYLE = Automatic;
				INFOPLIST_FILE = SUSearchControllerTests/Info.plist;
				LD_RUNPATH_SEARCH_PATHS = (
					"$(inherited)",
					"@executable_path/Frameworks",
					"@loader_path/Frameworks",
				);
				PRODUCT_BUNDLE_IDENTIFIER = ffd.SUSearchControllerTests;
				PRODUCT_NAME = "$(TARGET_NAME)";
				TARGETED_DEVICE_FAMILY = "1,2";
				TEST_HOST = "$(BUILT_PRODUCTS_DIR)/SUSearchController.app/SUSearchController";
			};
			name = Release;
		};
		CFC0A90121390A7F003ED426 /* Debug */ = {
			isa = XCBuildConfiguration;
			buildSettings = {
				CODE_SIGN_STYLE = Automatic;
				INFOPLIST_FILE = SUSearchControllerUITests/Info.plist;
				LD_RUNPATH_SEARCH_PATHS = (
					"$(inherited)",
					"@executable_path/Frameworks",
					"@loader_path/Frameworks",
				);
				PRODUCT_BUNDLE_IDENTIFIER = ffd.SUSearchControllerUITests;
				PRODUCT_NAME = "$(TARGET_NAME)";
				TARGETED_DEVICE_FAMILY = "1,2";
				TEST_TARGET_NAME = SUSearchController;
			};
			name = Debug;
		};
		CFC0A90221390A7F003ED426 /* Release */ = {
			isa = XCBuildConfiguration;
			buildSettings = {
				CODE_SIGN_STYLE = Automatic;
				INFOPLIST_FILE = SUSearchControllerUITests/Info.plist;
				LD_RUNPATH_SEARCH_PATHS = (
					"$(inherited)",
					"@executable_path/Frameworks",
					"@loader_path/Frameworks",
				);
				PRODUCT_BUNDLE_IDENTIFIER = ffd.SUSearchControllerUITests;
				PRODUCT_NAME = "$(TARGET_NAME)";
				TARGETED_DEVICE_FAMILY = "1,2";
				TEST_TARGET_NAME = SUSearchController;
			};
			name = Release;
		};
/* End XCBuildConfiguration section */

/* Begin XCConfigurationList section */
		CFC0A8C921390A6F003ED426 /* Build configuration list for PBXProject "SUSearchController" */ = {
			isa = XCConfigurationList;
			buildConfigurations = (
				CFC0A8F821390A7F003ED426 /* Debug */,
				CFC0A8F921390A7F003ED426 /* Release */,
			);
			defaultConfigurationIsVisible = 0;
			defaultConfigurationName = Release;
		};
		CFC0A8FA21390A7F003ED426 /* Build configuration list for PBXNativeTarget "SUSearchController" */ = {
			isa = XCConfigurationList;
			buildConfigurations = (
				CFC0A8FB21390A7F003ED426 /* Debug */,
				CFC0A8FC21390A7F003ED426 /* Release */,
			);
			defaultConfigurationIsVisible = 0;
			defaultConfigurationName = Release;
		};
		CFC0A8FD21390A7F003ED426 /* Build configuration list for PBXNativeTarget "SUSearchControllerTests" */ = {
			isa = XCConfigurationList;
			buildConfigurations = (
				CFC0A8FE21390A7F003ED426 /* Debug */,
				CFC0A8FF21390A7F003ED426 /* Release */,
			);
			defaultConfigurationIsVisible = 0;
			defaultConfigurationName = Release;
		};
		CFC0A90021390A7F003ED426 /* Build configuration list for PBXNativeTarget "SUSearchControllerUITests" */ = {
			isa = XCConfigurationList;
			buildConfigurations = (
				CFC0A90121390A7F003ED426 /* Debug */,
				CFC0A90221390A7F003ED426 /* Release */,
			);
			defaultConfigurationIsVisible = 0;
			defaultConfigurationName = Release;
		};
/* End XCConfigurationList section */
	};
	rootObject = CFC0A8C621390A6F003ED426 /* Project object */;
}
